
Microsoft Visual Studio Solution File, Format Version 12.00
# Visual Studio Version 16
VisualStudioVersion = 16.0.32126.315
MinimumVisualStudioVersion = 10.0.40219.1
Project("{FAE04EC0-301F-11D3-BF4B-00C04F79EFBC}") = "FeatureTyreQuotationWeb", "FeatureTyreQuotationWeb\FeatureTyreQuotationWeb.csproj", "{3795029E-6584-48D2-89D9-F427BBF12F0B}"
EndProject
Global
	GlobalSection(SolutionConfigurationPlatforms) = preSolution
		Debug|Any CPU = Debug|Any CPU
		Release|Any CPU = Release|Any CPU
	EndGlobalSection
	GlobalSection(ProjectConfigurationPlatforms) = postSolution
		{3795029E-6584-48D2-89D9-F427BBF12F0B}.Debug|Any CPU.ActiveCfg = Debug|Any CPU
		{3795029E-6584-48D2-89D9-F427BBF12F0B}.Debug|Any CPU.Build.0 = Debug|Any CPU
		{3795029E-6584-48D2-89D9-F427BBF12F0B}.Release|Any CPU.ActiveCfg = Release|Any CPU
		{3795029E-6584-48D2-89D9-F427BBF12F0B}.Release|Any CPU.Build.0 = Release|Any CPU
	EndGlobalSection
	GlobalSection(SolutionProperties) = preSolution
		HideSolutionNode = FALSE
	EndGlobalSection
	GlobalSection(ExtensibilityGlobals) = postSolution
		SolutionGuid = {F79D623C-C295-4845-A05E-62C1A0AE422B}
	EndGlobalSection
EndGlobal
